
Microsoft Visual Studio Solution File, Format Version 12.00
# Visual Studio Version 17
VisualStudioVersion = 17.0.31903.59
MinimumVisualStudioVersion = 10.0.40219.1
Project("{2150E333-8FDC-42A3-9474-1A3956D46DE8}") = "dotnet", "dotnet", "{71E6E750-85FD-B5BC-4321-E01377EC6231}"
EndProject
Project("{2150E333-8FDC-42A3-9474-1A3956D46DE8}") = "src", "src", "{D90AB541-7400-80B1-A0B4-F58D0D439F55}"
EndProject
Project("{2150E333-8FDC-42A3-9474-1A3956D46DE8}") = "com.bun3.common", "com.bun3.common", "{2FAE171E-B7D8-63CC-4DF8-0D8AF8CB03A9}"
EndProject
Project("{FAE04EC0-301F-11D3-BF4B-00C04F79EFBC}") = "Bun3.Common", "dotnet\src\com.bun3.common\Bun3.Common.csproj", "{8830E6E5-5BDC-45F0-8E32-D70182372920}"
EndProject
Project("{2150E333-8FDC-42A3-9474-1A3956D46DE8}") = "server", "server", "{DAD03CFC-D5FA-AC94-41C7-9ABAB326F09E}"
EndProject
Project("{2150E333-8FDC-42A3-9474-1A3956D46DE8}") = "src", "src", "{2132E9AA-A8A6-6DB3-1CCB-FE240A8CB002}"
EndProject
Project("{FAE04EC0-301F-11D3-BF4B-00C04F79EFBC}") = "Bun3.Server.Core", "server\src\Bun3.Server.Core\Bun3.Server.Core.csproj", "{B66FDC0A-3FBB-48FA-8296-35A60D3DA9DB}"
EndProject
Global
	GlobalSection(SolutionConfigurationPlatforms) = preSolution
		Debug|Any CPU = Debug|Any CPU
		Debug|x64 = Debug|x64
		Debug|x86 = Debug|x86
		Release|Any CPU = Release|Any CPU
		Release|x64 = Release|x64
		Release|x86 = Release|x86
	EndGlobalSection
	GlobalSection(ProjectConfigurationPlatforms) = postSolution
		{8830E6E5-5BDC-45F0-8E32-D70182372920}.Debug|Any CPU.ActiveCfg = Debug|Any CPU
		{8830E6E5-5BDC-45F0-8E32-D70182372920}.Debug|Any CPU.Build.0 = Debug|Any CPU
		{8830E6E5-5BDC-45F0-8E32-D70182372920}.Debug|x64.ActiveCfg = Debug|Any CPU
		{8830E6E5-5BDC-45F0-8E32-D70182372920}.Debug|x64.Build.0 = Debug|Any CPU
		{8830E6E5-5BDC-45F0-8E32-D70182372920}.Debug|x86.ActiveCfg = Debug|Any CPU
		{8830E6E5-5BDC-45F0-8E32-D70182372920}.Debug|x86.Build.0 = Debug|Any CPU
		{8830E6E5-5BDC-45F0-8E32-D70182372920}.Release|Any CPU.ActiveCfg = Release|Any CPU
		{8830E6E5-5BDC-45F0-8E32-D70182372920}.Release|Any CPU.Build.0 = Release|Any CPU
		{8830E6E5-5BDC-45F0-8E32-D70182372920}.Release|x64.ActiveCfg = Release|Any CPU
		{8830E6E5-5BDC-45F0-8E32-D70182372920}.Release|x64.Build.0 = Release|Any CPU
		{8830E6E5-5BDC-45F0-8E32-D70182372920}.Release|x86.ActiveCfg = Release|Any CPU
		{8830E6E5-5BDC-45F0-8E32-D70182372920}.Release|x86.Build.0 = Release|Any CPU
		{B66FDC0A-3FBB-48FA-8296-35A60D3DA9DB}.Debug|Any CPU.ActiveCfg = Debug|Any CPU
		{B66FDC0A-3FBB-48FA-8296-35A60D3DA9DB}.Debug|Any CPU.Build.0 = Debug|Any CPU
		{B66FDC0A-3FBB-48FA-8296-35A60D3DA9DB}.Debug|x64.ActiveCfg = Debug|Any CPU
		{B66FDC0A-3FBB-48FA-8296-35A60D3DA9DB}.Debug|x64.Build.0 = Debug|Any CPU
		{B66FDC0A-3FBB-48FA-8296-35A60D3DA9DB}.Debug|x86.ActiveCfg = Debug|Any CPU
		{B66FDC0A-3FBB-48FA-8296-35A60D3DA9DB}.Debug|x86.Build.0 = Debug|Any CPU
		{B66FDC0A-3FBB-48FA-8296-35A60D3DA9DB}.Release|Any CPU.ActiveCfg = Release|Any CPU
		{B66FDC0A-3FBB-48FA-8296-35A60D3DA9DB}.Release|Any CPU.Build.0 = Release|Any CPU
		{B66FDC0A-3FBB-48FA-8296-35A60D3DA9DB}.Release|x64.ActiveCfg = Release|Any CPU
		{B66FDC0A-3FBB-48FA-8296-35A60D3DA9DB}.Release|x64.Build.0 = Release|Any CPU
		{B66FDC0A-3FBB-48FA-8296-35A60D3DA9DB}.Release|x86.ActiveCfg = Release|Any CPU
		{B66FDC0A-3FBB-48FA-8296-35A60D3DA9DB}.Release|x86.Build.0 = Release|Any CPU
	EndGlobalSection
	GlobalSection(SolutionProperties) = preSolution
		HideSolutionNode = FALSE
	EndGlobalSection
	GlobalSection(NestedProjects) = preSolution
		{D90AB541-7400-80B1-A0B4-F58D0D439F55} = {71E6E750-85FD-B5BC-4321-E01377EC6231}
		{2FAE171E-B7D8-63CC-4DF8-0D8AF8CB03A9} = {D90AB541-7400-80B1-A0B4-F58D0D439F55}
		{8830E6E5-5BDC-45F0-8E32-D70182372920} = {2FAE171E-B7D8-63CC-4DF8-0D8AF8CB03A9}
		{2132E9AA-A8A6-6DB3-1CCB-FE240A8CB002} = {DAD03CFC-D5FA-AC94-41C7-9ABAB326F09E}
		{B66FDC0A-3FBB-48FA-8296-35A60D3DA9DB} = {2132E9AA-A8A6-6DB3-1CCB-FE240A8CB002}
	EndGlobalSection
EndGlobal
