
Microsoft Visual Studio Solution File, Format Version 12.00
# Visual Studio Version 17
VisualStudioVersion = 17.0.31903.59
MinimumVisualStudioVersion = 10.0.40219.1
Project("{2150E333-8FDC-42A3-9474-1A3956D46DE8}") = "common", "common", "{71E6E750-85FD-B5BC-4321-E01377EC6231}"
EndProject
Project("{2150E333-8FDC-42A3-9474-1A3956D46DE8}") = "src", "src", "{D90AB541-7400-80B1-A0B4-F58D0D439F55}"
EndProject
Project("{2150E333-8FDC-42A3-9474-1A3956D46DE8}") = "com.bun3.common", "com.bun3.common", "{2FAE171E-B7D8-63CC-4DF8-0D8AF8CB03A9}"
EndProject
Project("{FAE04EC0-301F-11D3-BF4B-00C04F79EFBC}") = "Bun3.Common", "common\src\com.bun3.common\Bun3.Common.csproj", "{8830E6E5-5BDC-45F0-8E32-D70182372920}"
EndProject
Project("{2150E333-8FDC-42A3-9474-1A3956D46DE8}") = "server", "server", "{DAD03CFC-D5FA-AC94-41C7-9ABAB326F09E}"
EndProject
Project("{2150E333-8FDC-42A3-9474-1A3956D46DE8}") = "src", "src", "{2132E9AA-A8A6-6DB3-1CCB-FE240A8CB002}"
EndProject
Project("{FAE04EC0-301F-11D3-BF4B-00C04F79EFBC}") = "Bun3.Server.Core", "server\src\Bun3.Server.Core\Bun3.Server.Core.csproj", "{B66FDC0A-3FBB-48FA-8296-35A60D3DA9DB}"
EndProject
Project("{2150E333-8FDC-42A3-9474-1A3956D46DE8}") = "tests", "tests", "{13AACEBB-5F00-79C1-2D14-6EA8B5DDD1FE}"
EndProject
Project("{FAE04EC0-301F-11D3-BF4B-00C04F79EFBC}") = "Bun3.Common.Tests", "common\tests\Bun3.Common.Tests\Bun3.Common.Tests.csproj", "{63F0B9B8-18E5-4300-ADA0-8F35001BC123}"
EndProject
Project("{FAE04EC0-301F-11D3-BF4B-00C04F79EFBC}") = "Bun3.Server.Abstractions", "server\src\Bun3.Server.Abstractions\Bun3.Server.Abstractions.csproj", "{43BA34E6-B5BD-46E9-935C-543A7EBEC85A}"
EndProject
Project("{FAE04EC0-301F-11D3-BF4B-00C04F79EFBC}") = "Bun3.Server.Transport.Tcp", "server\src\Bun3.Server.Transport.Tcp\Bun3.Server.Transport.Tcp.csproj", "{0898B66D-3EA2-4691-8B75-8C265EAC74D1}"
EndProject
Project("{FAE04EC0-301F-11D3-BF4B-00C04F79EFBC}") = "Bun3.Server.Hosting", "server\src\Bun3.Server.Hosting\Bun3.Server.Hosting.csproj", "{0D4677C3-15E2-444B-82DB-486FDE244959}"
EndProject
Project("{2150E333-8FDC-42A3-9474-1A3956D46DE8}") = "tests", "tests", "{F6418E52-5FE5-8182-075E-77FED2B86FC9}"
EndProject
Project("{FAE04EC0-301F-11D3-BF4B-00C04F79EFBC}") = "Bun3.Server.Tests", "server\tests\Bun3.Server.Tests\Bun3.Server.Tests.csproj", "{457887C7-DA77-419A-87FD-90221399A486}"
EndProject
Global
	GlobalSection(SolutionConfigurationPlatforms) = preSolution
		Debug|Any CPU = Debug|Any CPU
		Debug|x64 = Debug|x64
		Debug|x86 = Debug|x86
		Release|Any CPU = Release|Any CPU
		Release|x64 = Release|x64
		Release|x86 = Release|x86
	EndGlobalSection
	GlobalSection(ProjectConfigurationPlatforms) = postSolution
		{8830E6E5-5BDC-45F0-8E32-D70182372920}.Debug|Any CPU.ActiveCfg = Debug|Any CPU
		{8830E6E5-5BDC-45F0-8E32-D70182372920}.Debug|Any CPU.Build.0 = Debug|Any CPU
		{8830E6E5-5BDC-45F0-8E32-D70182372920}.Debug|x64.ActiveCfg = Debug|Any CPU
		{8830E6E5-5BDC-45F0-8E32-D70182372920}.Debug|x64.Build.0 = Debug|Any CPU
		{8830E6E5-5BDC-45F0-8E32-D70182372920}.Debug|x86.ActiveCfg = Debug|Any CPU
		{8830E6E5-5BDC-45F0-8E32-D70182372920}.Debug|x86.Build.0 = Debug|Any CPU
		{8830E6E5-5BDC-45F0-8E32-D70182372920}.Release|Any CPU.ActiveCfg = Release|Any CPU
		{8830E6E5-5BDC-45F0-8E32-D70182372920}.Release|Any CPU.Build.0 = Release|Any CPU
		{8830E6E5-5BDC-45F0-8E32-D70182372920}.Release|x64.ActiveCfg = Release|Any CPU
		{8830E6E5-5BDC-45F0-8E32-D70182372920}.Release|x64.Build.0 = Release|Any CPU
		{8830E6E5-5BDC-45F0-8E32-D70182372920}.Release|x86.ActiveCfg = Release|Any CPU
		{8830E6E5-5BDC-45F0-8E32-D70182372920}.Release|x86.Build.0 = Release|Any CPU
		{B66FDC0A-3FBB-48FA-8296-35A60D3DA9DB}.Debug|Any CPU.ActiveCfg = Debug|Any CPU
		{B66FDC0A-3FBB-48FA-8296-35A60D3DA9DB}.Debug|Any CPU.Build.0 = Debug|Any CPU
		{B66FDC0A-3FBB-48FA-8296-35A60D3DA9DB}.Debug|x64.ActiveCfg = Debug|Any CPU
		{B66FDC0A-3FBB-48FA-8296-35A60D3DA9DB}.Debug|x64.Build.0 = Debug|Any CPU
		{B66FDC0A-3FBB-48FA-8296-35A60D3DA9DB}.Debug|x86.ActiveCfg = Debug|Any CPU
		{B66FDC0A-3FBB-48FA-8296-35A60D3DA9DB}.Debug|x86.Build.0 = Debug|Any CPU
		{B66FDC0A-3FBB-48FA-8296-35A60D3DA9DB}.Release|Any CPU.ActiveCfg = Release|Any CPU
		{B66FDC0A-3FBB-48FA-8296-35A60D3DA9DB}.Release|Any CPU.Build.0 = Release|Any CPU
		{B66FDC0A-3FBB-48FA-8296-35A60D3DA9DB}.Release|x64.ActiveCfg = Release|Any CPU
		{B66FDC0A-3FBB-48FA-8296-35A60D3DA9DB}.Release|x64.Build.0 = Release|Any CPU
		{B66FDC0A-3FBB-48FA-8296-35A60D3DA9DB}.Release|x86.ActiveCfg = Release|Any CPU
		{B66FDC0A-3FBB-48FA-8296-35A60D3DA9DB}.Release|x86.Build.0 = Release|Any CPU
		{63F0B9B8-18E5-4300-ADA0-8F35001BC123}.Debug|Any CPU.ActiveCfg = Debug|Any CPU
		{63F0B9B8-18E5-4300-ADA0-8F35001BC123}.Debug|Any CPU.Build.0 = Debug|Any CPU
		{63F0B9B8-18E5-4300-ADA0-8F35001BC123}.Debug|x64.ActiveCfg = Debug|Any CPU
		{63F0B9B8-18E5-4300-ADA0-8F35001BC123}.Debug|x64.Build.0 = Debug|Any CPU
		{63F0B9B8-18E5-4300-ADA0-8F35001BC123}.Debug|x86.ActiveCfg = Debug|Any CPU
		{63F0B9B8-18E5-4300-ADA0-8F35001BC123}.Debug|x86.Build.0 = Debug|Any CPU
		{63F0B9B8-18E5-4300-ADA0-8F35001BC123}.Release|Any CPU.ActiveCfg = Release|Any CPU
		{63F0B9B8-18E5-4300-ADA0-8F35001BC123}.Release|Any CPU.Build.0 = Release|Any CPU
		{63F0B9B8-18E5-4300-ADA0-8F35001BC123}.Release|x64.ActiveCfg = Release|Any CPU
		{63F0B9B8-18E5-4300-ADA0-8F35001BC123}.Release|x64.Build.0 = Release|Any CPU
		{63F0B9B8-18E5-4300-ADA0-8F35001BC123}.Release|x86.ActiveCfg = Release|Any CPU
		{63F0B9B8-18E5-4300-ADA0-8F35001BC123}.Release|x86.Build.0 = Release|Any CPU
		{43BA34E6-B5BD-46E9-935C-543A7EBEC85A}.Debug|Any CPU.ActiveCfg = Debug|Any CPU
		{43BA34E6-B5BD-46E9-935C-543A7EBEC85A}.Debug|Any CPU.Build.0 = Debug|Any CPU
		{43BA34E6-B5BD-46E9-935C-543A7EBEC85A}.Debug|x64.ActiveCfg = Debug|Any CPU
		{43BA34E6-B5BD-46E9-935C-543A7EBEC85A}.Debug|x64.Build.0 = Debug|Any CPU
		{43BA34E6-B5BD-46E9-935C-543A7EBEC85A}.Debug|x86.ActiveCfg = Debug|Any CPU
		{43BA34E6-B5BD-46E9-935C-543A7EBEC85A}.Debug|x86.Build.0 = Debug|Any CPU
		{43BA34E6-B5BD-46E9-935C-543A7EBEC85A}.Release|Any CPU.ActiveCfg = Release|Any CPU
		{43BA34E6-B5BD-46E9-935C-543A7EBEC85A}.Release|Any CPU.Build.0 = Release|Any CPU
		{43BA34E6-B5BD-46E9-935C-543A7EBEC85A}.Release|x64.ActiveCfg = Release|Any CPU
		{43BA34E6-B5BD-46E9-935C-543A7EBEC85A}.Release|x64.Build.0 = Release|Any CPU
		{43BA34E6-B5BD-46E9-935C-543A7EBEC85A}.Release|x86.ActiveCfg = Release|Any CPU
		{43BA34E6-B5BD-46E9-935C-543A7EBEC85A}.Release|x86.Build.0 = Release|Any CPU
		{0898B66D-3EA2-4691-8B75-8C265EAC74D1}.Debug|Any CPU.ActiveCfg = Debug|Any CPU
		{0898B66D-3EA2-4691-8B75-8C265EAC74D1}.Debug|Any CPU.Build.0 = Debug|Any CPU
		{0898B66D-3EA2-4691-8B75-8C265EAC74D1}.Debug|x64.ActiveCfg = Debug|Any CPU
		{0898B66D-3EA2-4691-8B75-8C265EAC74D1}.Debug|x64.Build.0 = Debug|Any CPU
		{0898B66D-3EA2-4691-8B75-8C265EAC74D1}.Debug|x86.ActiveCfg = Debug|Any CPU
		{0898B66D-3EA2-4691-8B75-8C265EAC74D1}.Debug|x86.Build.0 = Debug|Any CPU
		{0898B66D-3EA2-4691-8B75-8C265EAC74D1}.Release|Any CPU.ActiveCfg = Release|Any CPU
		{0898B66D-3EA2-4691-8B75-8C265EAC74D1}.Release|Any CPU.Build.0 = Release|Any CPU
		{0898B66D-3EA2-4691-8B75-8C265EAC74D1}.Release|x64.ActiveCfg = Release|Any CPU
		{0898B66D-3EA2-4691-8B75-8C265EAC74D1}.Release|x64.Build.0 = Release|Any CPU
		{0898B66D-3EA2-4691-8B75-8C265EAC74D1}.Release|x86.ActiveCfg = Release|Any CPU
		{0898B66D-3EA2-4691-8B75-8C265EAC74D1}.Release|x86.Build.0 = Release|Any CPU
		{0D4677C3-15E2-444B-82DB-486FDE244959}.Debug|Any CPU.ActiveCfg = Debug|Any CPU
		{0D4677C3-15E2-444B-82DB-486FDE244959}.Debug|Any CPU.Build.0 = Debug|Any CPU
		{0D4677C3-15E2-444B-82DB-486FDE244959}.Debug|x64.ActiveCfg = Debug|Any CPU
		{0D4677C3-15E2-444B-82DB-486FDE244959}.Debug|x64.Build.0 = Debug|Any CPU
		{0D4677C3-15E2-444B-82DB-486FDE244959}.Debug|x86.ActiveCfg = Debug|Any CPU
		{0D4677C3-15E2-444B-82DB-486FDE244959}.Debug|x86.Build.0 = Debug|Any CPU
		{0D4677C3-15E2-444B-82DB-486FDE244959}.Release|Any CPU.ActiveCfg = Release|Any CPU
		{0D4677C3-15E2-444B-82DB-486FDE244959}.Release|Any CPU.Build.0 = Release|Any CPU
		{0D4677C3-15E2-444B-82DB-486FDE244959}.Release|x64.ActiveCfg = Release|Any CPU
		{0D4677C3-15E2-444B-82DB-486FDE244959}.Release|x64.Build.0 = Release|Any CPU
		{0D4677C3-15E2-444B-82DB-486FDE244959}.Release|x86.ActiveCfg = Release|Any CPU
		{0D4677C3-15E2-444B-82DB-486FDE244959}.Release|x86.Build.0 = Release|Any CPU
		{457887C7-DA77-419A-87FD-90221399A486}.Debug|Any CPU.ActiveCfg = Debug|Any CPU
		{457887C7-DA77-419A-87FD-90221399A486}.Debug|Any CPU.Build.0 = Debug|Any CPU
		{457887C7-DA77-419A-87FD-90221399A486}.Debug|x64.ActiveCfg = Debug|Any CPU
		{457887C7-DA77-419A-87FD-90221399A486}.Debug|x64.Build.0 = Debug|Any CPU
		{457887C7-DA77-419A-87FD-90221399A486}.Debug|x86.ActiveCfg = Debug|Any CPU
		{457887C7-DA77-419A-87FD-90221399A486}.Debug|x86.Build.0 = Debug|Any CPU
		{457887C7-DA77-419A-87FD-90221399A486}.Release|Any CPU.ActiveCfg = Release|Any CPU
		{457887C7-DA77-419A-87FD-90221399A486}.Release|Any CPU.Build.0 = Release|Any CPU
		{457887C7-DA77-419A-87FD-90221399A486}.Release|x64.ActiveCfg = Release|Any CPU
		{457887C7-DA77-419A-87FD-90221399A486}.Release|x64.Build.0 = Release|Any CPU
		{457887C7-DA77-419A-87FD-90221399A486}.Release|x86.ActiveCfg = Release|Any CPU
		{457887C7-DA77-419A-87FD-90221399A486}.Release|x86.Build.0 = Release|Any CPU
	EndGlobalSection
	GlobalSection(SolutionProperties) = preSolution
		HideSolutionNode = FALSE
	EndGlobalSection
	GlobalSection(NestedProjects) = preSolution
		{D90AB541-7400-80B1-A0B4-F58D0D439F55} = {71E6E750-85FD-B5BC-4321-E01377EC6231}
		{2FAE171E-B7D8-63CC-4DF8-0D8AF8CB03A9} = {D90AB541-7400-80B1-A0B4-F58D0D439F55}
		{8830E6E5-5BDC-45F0-8E32-D70182372920} = {2FAE171E-B7D8-63CC-4DF8-0D8AF8CB03A9}
		{2132E9AA-A8A6-6DB3-1CCB-FE240A8CB002} = {DAD03CFC-D5FA-AC94-41C7-9ABAB326F09E}
		{B66FDC0A-3FBB-48FA-8296-35A60D3DA9DB} = {2132E9AA-A8A6-6DB3-1CCB-FE240A8CB002}
		{13AACEBB-5F00-79C1-2D14-6EA8B5DDD1FE} = {71E6E750-85FD-B5BC-4321-E01377EC6231}
		{63F0B9B8-18E5-4300-ADA0-8F35001BC123} = {13AACEBB-5F00-79C1-2D14-6EA8B5DDD1FE}
		{43BA34E6-B5BD-46E9-935C-543A7EBEC85A} = {2132E9AA-A8A6-6DB3-1CCB-FE240A8CB002}
		{0898B66D-3EA2-4691-8B75-8C265EAC74D1} = {2132E9AA-A8A6-6DB3-1CCB-FE240A8CB002}
		{0D4677C3-15E2-444B-82DB-486FDE244959} = {2132E9AA-A8A6-6DB3-1CCB-FE240A8CB002}
		{F6418E52-5FE5-8182-075E-77FED2B86FC9} = {DAD03CFC-D5FA-AC94-41C7-9ABAB326F09E}
		{457887C7-DA77-419A-87FD-90221399A486} = {F6418E52-5FE5-8182-075E-77FED2B86FC9}
	EndGlobalSection
EndGlobal
